{
  "name": "3D-weather-Application",
  "version": "1.0.0",
  "lockfileVersion": 3,
  "requires": true,
  "packages": {
    "": {
      "name": "weather-3d-app",
      "version": "1.0.0",
      "license": "MIT",
      "dependencies": {
        "@react-three/drei": "^9.92.3",
        "@react-three/fiber": "^8.18.4",
        "react": "^18.2.0",
        "react-dom": "^18.2.0",
        "react-scripts": "5.0.1",
        "three": "^0.155.0"
      }
    }
    // ... The actual package-lock.json will be much longer with all nested dependencies.
  }
}
